github.com/gorilla/mux v1.8.1 h1:TuBL49tXwgrFYWhqrNgrUNEY92u81SPhu7sTdzQEiWY=
github.com/gorilla/mux v1.8.1/go.mod h1:AKf9I4AEqPTmMytcMc0KkNouC66V3BtZ4qD5fmWSiMQ=
github.com/raitucarp/gomix/addons/alpinejs v0.2.2 h1:RjsTCbcuzHJH5vRyLbQZmKVPyJsu/MFGxWgofuB4NII=
github.com/raitucarp/gomix/addons/alpinejs v0.2.2/go.mod h1:C/BCHfK0O87OHXpA1F4PIzsjUYI3B2sKWEqnf8WU5s8=
github.com/raitucarp/gomix/icons v0.1.2 h1:4Yh5ZNgNyUQVqYf4eyrGYNTxeKAWdMaLJxVdstB8/4A=
github.com/raitucarp/gomix/icons v0.1.2/go.mod h1:R/S+5AcVrmOZh/6IWdtTqzLGowyCphdqknWHGLVqxeA=
github.com/raitucarp/gomix/icons/fontawesome-5 v0.1.1 h1:KtHOoQ5fwfs5WAW/AlPw1Sn3VmnwGVV6HCK1juYzy54=
github.com/raitucarp/gomix/icons/fontawesome-5 v0.1.1/go.mod h1:FTRDfhI4eglqeAEdhpNxTBugwDTB/wxfwioTGa1Lj8Y=
github.com/tdewolff/minify/v2 v2.24.4 h1:pQyr6eWDa+RXtAoZg+6wurh0jB9ojqw/qc5LlU7/z6c=
github.com/tdewolff/minify/v2 v2.24.4/go.mod h1:iD9Qn7/brhKY9d0KLKMkZrqS8/bqxSxRKruBi7V6m+w=
github.com/tdewolff/parse/v2 v2.8.4 h1:A6slgBLGGDPBMGA28KQZfHpaKffuNvhOe7zSag+x/rw=
github.com/tdewolff/parse/v2 v2.8.4/go.mod h1:Hwlni2tiVNKyzR1o6nUs4FOF07URA+JLBLd6dlIXYqo=
github.com/tdewolff/test v1.0.11 h1:FdLbwQVHxqG16SlkGveC0JVyrJN62COWTRyUFzfbtBE=
github.com/tdewolff/test v1.0.11/go.mod h1:XPuWBzvdUzhCuxWO1ojpXsyzsA5bFoS3tO/Q3kFuTG8=
github.com/valyala/bytebufferpool v1.0.0 h1:GqA5TC/0021Y/b9FG4Oi9Mr3q7XYx6KllzawFIhcdPw=
github.com/valyala/bytebufferpool v1.0.0/go.mod h1:6bBcMArwyJ5K/AmCkWv1jt77kVWyCJ6HpOuEn7z0Csc=
github.com/valyala/fasttemplate v1.2.2 h1:lxLXG0uE3Qnshl9QyaK6XJxMXlQZELvChBOCmQD0Loo=
github.com/valyala/fasttemplate v1.2.2/go.mod h1:KHLXt3tVN2HBp8eijSv/kGJopbvo7S+qRAEEKiv+SiQ=
golang.org/x/net v0.46.0 h1:giFlY12I07fugqwPuWJi68oOnpfqFnJIJzaIIm2JVV4=
golang.org/x/net v0.46.0/go.mod h1:Q9BGdFy1y4nkUwiLvT5qtyhAnEHgnQ/zd8PfU6nc210=
