github.com/gorilla/mux v1.8.1 h1:TuBL49tXwgrFYWhqrNgrUNEY92u81SPhu7sTdzQEiWY=
github.com/gorilla/mux v1.8.1/go.mod h1:AKf9I4AEqPTmMytcMc0KkNouC66V3BtZ4qD5fmWSiMQ=
github.com/raitucarp/gomix/element v0.1.0 h1:MEml8UFInZkVFXOJMeItg8nzsc3h3t7AKsTmWgLrSfU=
github.com/raitucarp/gomix/element v0.1.0/go.mod h1:pQIzteZEAxtR3QUGoHA/OJnoNg0oU+Meehvuw6q11J4=
github.com/raitucarp/gomix/icons v0.1.0 h1:oHWthnx00pOqVnJW//7tTTiaOO6gJv3ZfHMdFuxpqxw=
github.com/raitucarp/gomix/icons v0.1.0/go.mod h1:KFMBGlCqAe0Qa+/3BY/4AkxGAmvdrGZ2C7mauVy2/Dg=
github.com/raitucarp/gomix/icons/fontawesome-5 v0.1.1 h1:KtHOoQ5fwfs5WAW/AlPw1Sn3VmnwGVV6HCK1juYzy54=
github.com/raitucarp/gomix/icons/fontawesome-5 v0.1.1/go.mod h1:FTRDfhI4eglqeAEdhpNxTBugwDTB/wxfwioTGa1Lj8Y=
github.com/raitucarp/gomix/styles v0.1.0 h1:GT4jni7wb0TtK+OpLb3qpRp/c5eJhfzbU2z1Ry3z/oA=
github.com/raitucarp/gomix/styles v0.1.0/go.mod h1:kP7Rrp2Isu2V10TXtJtYBBvxmAjrAN3xhnU7LEtMGhM=
github.com/raitucarp/gomix/theme v0.1.0 h1:k6tcnbrqPYVkV6IDgwNXaHzMGCO4OeVQS1g9YkxWDtM=
github.com/raitucarp/gomix/theme v0.1.0/go.mod h1:/5QognIwCzdH9gkSFTxPnsvQkAdTFi76luNwLzANuto=
github.com/raitucarp/gomix/value v0.1.0 h1:YV2+mbGhcteaUnR6E91W3gM9CLVfQEL4K6A8DLsfl18=
github.com/raitucarp/gomix/value v0.1.0/go.mod h1:wCKYcdIcHrE67Csdl294zdIjPPhGlw3qQLnlSxqMgGE=
github.com/tdewolff/minify/v2 v2.24.3 h1:BaKgWSFLKbKDiUskbeRgbe2n5d1Ci1x3cN/eXna8zOA=
github.com/tdewolff/minify/v2 v2.24.3/go.mod h1:1JrCtoZXaDbqioQZfk3Jdmr0GPJKiU7c1Apmb+7tCeE=
github.com/tdewolff/parse/v2 v2.8.3 h1:5VbvtJ83cfb289A1HzRA9sf02iT8YyUwN84ezjkdY1I=
github.com/tdewolff/parse/v2 v2.8.3/go.mod h1:Hwlni2tiVNKyzR1o6nUs4FOF07URA+JLBLd6dlIXYqo=
github.com/tdewolff/test v1.0.11 h1:FdLbwQVHxqG16SlkGveC0JVyrJN62COWTRyUFzfbtBE=
github.com/tdewolff/test v1.0.11/go.mod h1:XPuWBzvdUzhCuxWO1ojpXsyzsA5bFoS3tO/Q3kFuTG8=
github.com/valyala/bytebufferpool v1.0.0 h1:GqA5TC/0021Y/b9FG4Oi9Mr3q7XYx6KllzawFIhcdPw=
github.com/valyala/bytebufferpool v1.0.0/go.mod h1:6bBcMArwyJ5K/AmCkWv1jt77kVWyCJ6HpOuEn7z0Csc=
github.com/valyala/fasttemplate v1.2.2 h1:lxLXG0uE3Qnshl9QyaK6XJxMXlQZELvChBOCmQD0Loo=
github.com/valyala/fasttemplate v1.2.2/go.mod h1:KHLXt3tVN2HBp8eijSv/kGJopbvo7S+qRAEEKiv+SiQ=
golang.org/x/net v0.46.0 h1:giFlY12I07fugqwPuWJi68oOnpfqFnJIJzaIIm2JVV4=
golang.org/x/net v0.46.0/go.mod h1:Q9BGdFy1y4nkUwiLvT5qtyhAnEHgnQ/zd8PfU6nc210=
