github.com/raitucarp/gomix v0.0.25 h1:iTRYjICfIZ5TI94+ougQPc6quBuyTfTWG8BZ5YXxagQ=
github.com/raitucarp/gomix v0.0.25/go.mod h1:wMxiv7H2GxPgZ/3/I9Wqb/y37Q24HoB3o2wxP/WB/eE=
github.com/raitucarp/gomix/icons v0.0.0-20251016061643-d8d8126c0836 h1:lPl+4Wv3MeI8BQpYi6mGMTuHe4b9iLaE+E85JtQcUT4=
github.com/raitucarp/gomix/icons v0.0.0-20251016061643-d8d8126c0836/go.mod h1:BdOPnbkMREYHAf2X9PcLI1KF93w5rAyRuklKKWinK8g=
golang.org/x/net v0.44.0 h1:evd8IRDyfNBMBTTY5XRF1vaZlD+EmWx6x8PkhR04H/I=
golang.org/x/net v0.44.0/go.mod h1:ECOoLqd5U3Lhyeyo/QDCEVQ4sNgYsqvCZ722XogGieY=
