github.com/raitucarp/gomix v0.0.32 h1:aN243EtaisOzLkRfSi9FvRxcKmK8MDqUWnWe4SfbN2E=
github.com/raitucarp/gomix v0.0.32/go.mod h1:UbC/6SXjGrGT3glt1NsIM0dnn0dCya0QB5juNXgqq/8=
github.com/raitucarp/gomix/addons/alpinejs v0.1.0 h1:4KIP7yrtNUGv2Po20m1jd27V1IkGNYbCC8Gb4wnfMrM=
github.com/raitucarp/gomix/addons/alpinejs v0.1.0/go.mod h1:X/kr0v3w13QQYlHPgA9aUZi/4tYVph+A79c0iPkuAvI=
github.com/raitucarp/gomix/addons/google-fonts v0.0.0-20251016085702-240fdbd4ccd6 h1:y0M593p++8aBUtBrsKxX1jtqAj0PcYMdYS/cOTu3rto=
github.com/raitucarp/gomix/addons/google-fonts v0.0.0-20251016085702-240fdbd4ccd6/go.mod h1:zRtohR3xWRjvF/uwvYfwA0gm8GaUOA4ieoskMCZC5Lo=
github.com/raitucarp/gomix/icons v0.1.0 h1:oHWthnx00pOqVnJW//7tTTiaOO6gJv3ZfHMdFuxpqxw=
github.com/raitucarp/gomix/icons v0.1.0/go.mod h1:KFMBGlCqAe0Qa+/3BY/4AkxGAmvdrGZ2C7mauVy2/Dg=
github.com/raitucarp/gomix/icons/fontawesome-5 v0.0.0-20251016085702-240fdbd4ccd6 h1:lWYNFbJWKQqWbLxZaCu2JS9fqs+gDq5wXntJgMrp9uQ=
github.com/raitucarp/gomix/icons/fontawesome-5 v0.0.0-20251016085702-240fdbd4ccd6/go.mod h1:FTRDfhI4eglqeAEdhpNxTBugwDTB/wxfwioTGa1Lj8Y=
github.com/tdewolff/minify/v2 v2.24.4 h1:pQyr6eWDa+RXtAoZg+6wurh0jB9ojqw/qc5LlU7/z6c=
github.com/tdewolff/minify/v2 v2.24.4/go.mod h1:iD9Qn7/brhKY9d0KLKMkZrqS8/bqxSxRKruBi7V6m+w=
github.com/tdewolff/parse/v2 v2.8.4 h1:A6slgBLGGDPBMGA28KQZfHpaKffuNvhOe7zSag+x/rw=
github.com/tdewolff/parse/v2 v2.8.4/go.mod h1:Hwlni2tiVNKyzR1o6nUs4FOF07URA+JLBLd6dlIXYqo=
github.com/tdewolff/test v1.0.11 h1:FdLbwQVHxqG16SlkGveC0JVyrJN62COWTRyUFzfbtBE=
github.com/tdewolff/test v1.0.11/go.mod h1:XPuWBzvdUzhCuxWO1ojpXsyzsA5bFoS3tO/Q3kFuTG8=
golang.org/x/net v0.46.0 h1:giFlY12I07fugqwPuWJi68oOnpfqFnJIJzaIIm2JVV4=
golang.org/x/net v0.46.0/go.mod h1:Q9BGdFy1y4nkUwiLvT5qtyhAnEHgnQ/zd8PfU6nc210=
