github.com/raitucarp/gomix v0.0.36 h1:RU97eqgEeBAJtt2R9FtmLjWaDAcqvdnD3yCS/s/CIpo=
github.com/raitucarp/gomix v0.0.36/go.mod h1:C6iEySkZqtLYrypbUZu6eS6I0SQKCvFGyWHGT94ZIXA=
github.com/raitucarp/gomix/icons v0.1.2 h1:4Yh5ZNgNyUQVqYf4eyrGYNTxeKAWdMaLJxVdstB8/4A=
github.com/raitucarp/gomix/icons v0.1.2/go.mod h1:R/S+5AcVrmOZh/6IWdtTqzLGowyCphdqknWHGLVqxeA=
golang.org/x/net v0.46.0 h1:giFlY12I07fugqwPuWJi68oOnpfqFnJIJzaIIm2JVV4=
golang.org/x/net v0.46.0/go.mod h1:Q9BGdFy1y4nkUwiLvT5qtyhAnEHgnQ/zd8PfU6nc210=
