github.com/raitucarp/gomix/element v0.1.0 h1:MEml8UFInZkVFXOJMeItg8nzsc3h3t7AKsTmWgLrSfU=
github.com/raitucarp/gomix/element v0.1.0/go.mod h1:pQIzteZEAxtR3QUGoHA/OJnoNg0oU+Meehvuw6q11J4=
github.com/raitucarp/gomix/icons v0.1.0 h1:oHWthnx00pOqVnJW//7tTTiaOO6gJv3ZfHMdFuxpqxw=
github.com/raitucarp/gomix/icons v0.1.0/go.mod h1:KFMBGlCqAe0Qa+/3BY/4AkxGAmvdrGZ2C7mauVy2/Dg=
github.com/raitucarp/gomix/icons/fontawesome-5 v0.1.1 h1:KtHOoQ5fwfs5WAW/AlPw1Sn3VmnwGVV6HCK1juYzy54=
github.com/raitucarp/gomix/icons/fontawesome-5 v0.1.1/go.mod h1:FTRDfhI4eglqeAEdhpNxTBugwDTB/wxfwioTGa1Lj8Y=
github.com/raitucarp/gomix/styles v0.1.0 h1:GT4jni7wb0TtK+OpLb3qpRp/c5eJhfzbU2z1Ry3z/oA=
github.com/raitucarp/gomix/styles v0.1.0/go.mod h1:kP7Rrp2Isu2V10TXtJtYBBvxmAjrAN3xhnU7LEtMGhM=
github.com/raitucarp/gomix/value v0.1.0 h1:YV2+mbGhcteaUnR6E91W3gM9CLVfQEL4K6A8DLsfl18=
github.com/raitucarp/gomix/value v0.1.0/go.mod h1:wCKYcdIcHrE67Csdl294zdIjPPhGlw3qQLnlSxqMgGE=
golang.org/x/net v0.46.0 h1:giFlY12I07fugqwPuWJi68oOnpfqFnJIJzaIIm2JVV4=
golang.org/x/net v0.46.0/go.mod h1:Q9BGdFy1y4nkUwiLvT5qtyhAnEHgnQ/zd8PfU6nc210=
