github.com/raitucarp/gomix v0.0.31 h1:LdKXBmwU5EOILjoPFlu5EgXjlgL/q78i2Jrbf84tulQ=
github.com/raitucarp/gomix v0.0.31/go.mod h1:UbC/6SXjGrGT3glt1NsIM0dnn0dCya0QB5juNXgqq/8=
github.com/raitucarp/gomix/icons v0.0.0-20251016061643-d8d8126c0836 h1:lPl+4Wv3MeI8BQpYi6mGMTuHe4b9iLaE+E85JtQcUT4=
github.com/raitucarp/gomix/icons v0.0.0-20251016061643-d8d8126c0836/go.mod h1:BdOPnbkMREYHAf2X9PcLI1KF93w5rAyRuklKKWinK8g=
github.com/tdewolff/minify/v2 v2.24.3 h1:BaKgWSFLKbKDiUskbeRgbe2n5d1Ci1x3cN/eXna8zOA=
github.com/tdewolff/minify/v2 v2.24.3/go.mod h1:1JrCtoZXaDbqioQZfk3Jdmr0GPJKiU7c1Apmb+7tCeE=
github.com/tdewolff/minify/v2 v2.24.4 h1:pQyr6eWDa+RXtAoZg+6wurh0jB9ojqw/qc5LlU7/z6c=
github.com/tdewolff/minify/v2 v2.24.4/go.mod h1:iD9Qn7/brhKY9d0KLKMkZrqS8/bqxSxRKruBi7V6m+w=
github.com/tdewolff/parse/v2 v2.8.3 h1:5VbvtJ83cfb289A1HzRA9sf02iT8YyUwN84ezjkdY1I=
github.com/tdewolff/parse/v2 v2.8.3/go.mod h1:Hwlni2tiVNKyzR1o6nUs4FOF07URA+JLBLd6dlIXYqo=
github.com/tdewolff/parse/v2 v2.8.4 h1:A6slgBLGGDPBMGA28KQZfHpaKffuNvhOe7zSag+x/rw=
github.com/tdewolff/parse/v2 v2.8.4/go.mod h1:Hwlni2tiVNKyzR1o6nUs4FOF07URA+JLBLd6dlIXYqo=
github.com/tdewolff/test v1.0.11 h1:FdLbwQVHxqG16SlkGveC0JVyrJN62COWTRyUFzfbtBE=
github.com/tdewolff/test v1.0.11/go.mod h1:XPuWBzvdUzhCuxWO1ojpXsyzsA5bFoS3tO/Q3kFuTG8=
golang.org/x/net v0.44.0 h1:evd8IRDyfNBMBTTY5XRF1vaZlD+EmWx6x8PkhR04H/I=
golang.org/x/net v0.44.0/go.mod h1:ECOoLqd5U3Lhyeyo/QDCEVQ4sNgYsqvCZ722XogGieY=
